
Microsoft Visual Studio Solution File, Format Version 12.00
# Visual Studio Version 17
VisualStudioVersion = 17.9.34728.123
MinimumVisualStudioVersion = 10.0.40219.1
Project("{FAE04EC0-301F-11D3-BF4B-00C04F79EFBC}") = "MiniDesigner", "MiniDesigner\MiniDesigner.csproj", "{19FC0260-17A1-4BC5-BF6C-FB22BA935729}"
EndProject
Global
	GlobalSection(SolutionConfigurationPlatforms) = preSolution
		Debug|Any CPU = Debug|Any CPU
		Release|Any CPU = Release|Any CPU
	EndGlobalSection
	GlobalSection(ProjectConfigurationPlatforms) = postSolution
		{19FC0260-17A1-4BC5-BF6C-FB22BA935729}.Debug|Any CPU.ActiveCfg = Debug|Any CPU
		{19FC0260-17A1-4BC5-BF6C-FB22BA935729}.Debug|Any CPU.Build.0 = Debug|Any CPU
		{19FC0260-17A1-4BC5-BF6C-FB22BA935729}.Release|Any CPU.ActiveCfg = Release|Any CPU
		{19FC0260-17A1-4BC5-BF6C-FB22BA935729}.Release|Any CPU.Build.0 = Release|Any CPU
	EndGlobalSection
	GlobalSection(SolutionProperties) = preSolution
		HideSolutionNode = FALSE
	EndGlobalSection
	GlobalSection(ExtensibilityGlobals) = postSolution
		SolutionGuid = {E60807E8-5EA6-4BFA-A271-10CABC7A65A2}
	EndGlobalSection
EndGlobal
